{
  "name": "observability-skill",
  "version": "1.0.0",
  "lockfileVersion": 3,
  "requires": true,
  "packages": {
    "": {
      "name": "observability-skill",
      "version": "1.0.0",
      "license": "MIT",
      "bin": {
        "observability": "src/index.js"
      },
      "devDependencies": {}
    }
  }
}
